// !$*UTF8*$!
{
	archiveVersion = 1;
	classes = {
	};
	objectVersion = 48;
	objects = {

/* Begin PBXBuildFile section */
		6356C34620463C4700F91863 /* List.swift in Sources */ = {isa = PBXBuildFile; fileRef = 6356C34520463C4700F91863 /* List.swift */; };
		6356C3482046465A00F91863 /* ListTableViewCell.swift in Sources */ = {isa = PBXBuildFile; fileRef = 6356C3472046465A00F91863 /* ListTableViewCell.swift */; };
		6356C34A2046474500F91863 /* ListTableViewController.swift in Sources */ = {isa = PBXBuildFile; fileRef = 6356C3492046474500F91863 /* ListTableViewController.swift */; };
		6356C34C2046586500F91863 /* ListViewController.swift in Sources */ = {isa = PBXBuildFile; fileRef = 6356C34B2046586500F91863 /* ListViewController.swift */; };
		63A005BF204477E000F7E252 /* Note.swift in Sources */ = {isa = PBXBuildFile; fileRef = 63A005BE204477E000F7E252 /* Note.swift */; };
		63A005C120447BFE00F7E252 /* NoteTableViewCell.swift in Sources */ = {isa = PBXBuildFile; fileRef = 63A005C020447BFE00F7E252 /* NoteTableViewCell.swift */; };
		63A005C320447E8F00F7E252 /* NoteTableViewController.swift in Sources */ = {isa = PBXBuildFile; fileRef = 63A005C220447E8F00F7E252 /* NoteTableViewController.swift */; };
		63B1F7612043AF0E0023E087 /* AppDelegate.swift in Sources */ = {isa = PBXBuildFile; fileRef = 63B1F7602043AF0E0023E087 /* AppDelegate.swift */; };
		63B1F7632043AF0E0023E087 /* NoteViewController.swift in Sources */ = {isa = PBXBuildFile; fileRef = 63B1F7622043AF0E0023E087 /* NoteViewController.swift */; };
		63B1F7662043AF0E0023E087 /* Main.storyboard in Resources */ = {isa = PBXBuildFile; fileRef = 63B1F7642043AF0E0023E087 /* Main.storyboard */; };
		63B1F7682043AF0E0023E087 /* Assets.xcassets in Resources */ = {isa = PBXBuildFile; fileRef = 63B1F7672043AF0E0023E087 /* Assets.xcassets */; };
		63B1F76B2043AF0E0023E087 /* LaunchScreen.storyboard in Resources */ = {isa = PBXBuildFile; fileRef = 63B1F7692043AF0E0023E087 /* LaunchScreen.storyboard */; };
/* End PBXBuildFile section */

/* Begin PBXFileReference section */
		6356C34520463C4700F91863 /* List.swift */ = {isa = PBXFileReference; lastKnownFileType = sourcecode.swift; path = List.swift; sourceTree = "<group>"; };
		6356C3472046465A00F91863 /* ListTableViewCell.swift */ = {isa = PBXFileReference; lastKnownFileType = sourcecode.swift; path = ListTableViewCell.swift; sourceTree = "<group>"; };
		6356C3492046474500F91863 /* ListTableViewController.swift */ = {isa = PBXFileReference; lastKnownFileType = sourcecode.swift; path = ListTableViewController.swift; sourceTree = "<group>"; };
		6356C34B2046586500F91863 /* ListViewController.swift */ = {isa = PBXFileReference; lastKnownFileType = sourcecode.swift; path = ListViewController.swift; sourceTree = "<group>"; };
		63A005BE204477E000F7E252 /* Note.swift */ = {isa = PBXFileReference; lastKnownFileType = sourcecode.swift; path = Note.swift; sourceTree = "<group>"; };
		63A005C020447BFE00F7E252 /* NoteTableViewCell.swift */ = {isa = PBXFileReference; lastKnownFileType = sourcecode.swift; path = NoteTableViewCell.swift; sourceTree = "<group>"; };
		63A005C220447E8F00F7E252 /* NoteTableViewController.swift */ = {isa = PBXFileReference; lastKnownFileType = sourcecode.swift; path = NoteTableViewController.swift; sourceTree = "<group>"; };
		63B1F75D2043AF0E0023E087 /* NoteApp2.app */ = {isa = PBXFileReference; explicitFileType = wrapper.application; includeInIndex = 0; path = NoteApp2.app; sourceTree = BUILT_PRODUCTS_DIR; };
		63B1F7602043AF0E0023E087 /* AppDelegate.swift */ = {isa = PBXFileReference; lastKnownFileType = sourcecode.swift; path = AppDelegate.swift; sourceTree = "<group>"; };
		63B1F7622043AF0E0023E087 /* NoteViewController.swift */ = {isa = PBXFileReference; lastKnownFileType = sourcecode.swift; path = NoteViewController.swift; sourceTree = "<group>"; };
		63B1F7652043AF0E0023E087 /* Base */ = {isa = PBXFileReference; lastKnownFileType = file.storyboard; name = Base; path = Base.lproj/Main.storyboard; sourceTree = "<group>"; };
		63B1F7672043AF0E0023E087 /* Assets.xcassets */ = {isa = PBXFileReference; lastKnownFileType = folder.assetcatalog; path = Assets.xcassets; sourceTree = "<group>"; };
		63B1F76A2043AF0E0023E087 /* Base */ = {isa = PBXFileReference; lastKnownFileType = file.storyboard; name = Base; path = Base.lproj/LaunchScreen.storyboard; sourceTree = "<group>"; };
		63B1F76C2043AF0E0023E087 /* Info.plist */ = {isa = PBXFileReference; lastKnownFileType = text.plist.xml; path = Info.plist; sourceTree = "<group>"; };
/* End PBXFileReference section */

/* Begin PBXFrameworksBuildPhase section */
		63B1F75A2043AF0E0023E087 /* Frameworks */ = {
			isa = PBXFrameworksBuildPhase;
			buildActionMask = 2147483647;
			files = (
			);
			runOnlyForDeploymentPostprocessing = 0;
		};
/* End PBXFrameworksBuildPhase section */

/* Begin PBXGroup section */
		63B1F7542043AF0E0023E087 = {
			isa = PBXGroup;
			children = (
				63B1F75F2043AF0E0023E087 /* NoteApp2 */,
				63B1F75E2043AF0E0023E087 /* Products */,
			);
			sourceTree = "<group>";
		};
		63B1F75E2043AF0E0023E087 /* Products */ = {
			isa = PBXGroup;
			children = (
				63B1F75D2043AF0E0023E087 /* NoteApp2.app */,
			);
			name = Products;
			sourceTree = "<group>";
		};
		63B1F75F2043AF0E0023E087 /* NoteApp2 */ = {
			isa = PBXGroup;
			children = (
				63B1F7602043AF0E0023E087 /* AppDelegate.swift */,
				63B1F7622043AF0E0023E087 /* NoteViewController.swift */,
				63A005BE204477E000F7E252 /* Note.swift */,
				63A005C020447BFE00F7E252 /* NoteTableViewCell.swift */,
				63A005C220447E8F00F7E252 /* NoteTableViewController.swift */,
				63B1F7642043AF0E0023E087 /* Main.storyboard */,
				6356C3472046465A00F91863 /* ListTableViewCell.swift */,
				6356C3492046474500F91863 /* ListTableViewController.swift */,
				6356C34520463C4700F91863 /* List.swift */,
				6356C34B2046586500F91863 /* ListViewController.swift */,
				63B1F7672043AF0E0023E087 /* Assets.xcassets */,
				63B1F7692043AF0E0023E087 /* LaunchScreen.storyboard */,
				63B1F76C2043AF0E0023E087 /* Info.plist */,
			);
			path = NoteApp2;
			sourceTree = "<group>";
		};
/* End PBXGroup section */

/* Begin PBXNativeTarget section */
		63B1F75C2043AF0E0023E087 /* NoteApp2 */ = {
			isa = PBXNativeTarget;
			buildConfigurationList = 63B1F76F2043AF0E0023E087 /* Build configuration list for PBXNativeTarget "NoteApp2" */;
			buildPhases = (
				63B1F7592043AF0E0023E087 /* Sources */,
				63B1F75A2043AF0E0023E087 /* Frameworks */,
				63B1F75B2043AF0E0023E087 /* Resources */,
			);
			buildRules = (
			);
			dependencies = (
			);
			name = NoteApp2;
			productName = NoteApp2;
			productReference = 63B1F75D2043AF0E0023E087 /* NoteApp2.app */;
			productType = "com.apple.product-type.application";
		};
/* End PBXNativeTarget section */

/* Begin PBXProject section */
		63B1F7552043AF0E0023E087 /* Project object */ = {
			isa = PBXProject;
			attributes = {
				LastSwiftUpdateCheck = 0920;
				LastUpgradeCheck = 0920;
				ORGANIZATIONNAME = NoteApp2;
				TargetAttributes = {
					63B1F75C2043AF0E0023E087 = {
						CreatedOnToolsVersion = 9.2;
						ProvisioningStyle = Automatic;
					};
				};
			};
			buildConfigurationList = 63B1F7582043AF0E0023E087 /* Build configuration list for PBXProject "NoteApp2" */;
			compatibilityVersion = "Xcode 8.0";
			developmentRegion = en;
			hasScannedForEncodings = 0;
			knownRegions = (
				en,
				Base,
			);
			mainGroup = 63B1F7542043AF0E0023E087;
			productRefGroup = 63B1F75E2043AF0E0023E087 /* Products */;
			projectDirPath = "";
			projectRoot = "";
			targets = (
				63B1F75C2043AF0E0023E087 /* NoteApp2 */,
			);
		};
/* End PBXProject section */

/* Begin PBXResourcesBuildPhase section */
		63B1F75B2043AF0E0023E087 /* Resources */ = {
			isa = PBXResourcesBuildPhase;
			buildActionMask = 2147483647;
			files = (
				63B1F76B2043AF0E0023E087 /* LaunchScreen.storyboard in Resources */,
				63B1F7682043AF0E0023E087 /* Assets.xcassets in Resources */,
				63B1F7662043AF0E0023E087 /* Main.storyboard in Resources */,
			);
			runOnlyForDeploymentPostprocessing = 0;
		};
/* End PBXResourcesBuildPhase section */

/* Begin PBXSourcesBuildPhase section */
		63B1F7592043AF0E0023E087 /* Sources */ = {
			isa = PBXSourcesBuildPhase;
			buildActionMask = 2147483647;
			files = (
				6356C3482046465A00F91863 /* ListTableViewCell.swift in Sources */,
				63A005C320447E8F00F7E252 /* NoteTableViewController.swift in Sources */,
				63B1F7632043AF0E0023E087 /* NoteViewController.swift in Sources */,
				6356C34A2046474500F91863 /* ListTableViewController.swift in Sources */,
				63B1F7612043AF0E0023E087 /* AppDelegate.swift in Sources */,
				6356C34C2046586500F91863 /* ListViewController.swift in Sources */,
				63A005BF204477E000F7E252 /* Note.swift in Sources */,
				63A005C120447BFE00F7E252 /* NoteTableViewCell.swift in Sources */,
				6356C34620463C4700F91863 /* List.swift in Sources */,
			);
			runOnlyForDeploymentPostprocessing = 0;
		};
/* End PBXSourcesBuildPhase section */

/* Begin PBXVariantGroup section */
		63B1F7642043AF0E0023E087 /* Main.storyboard */ = {
			isa = PBXVariantGroup;
			children = (
				63B1F7652043AF0E0023E087 /* Base */,
			);
			name = Main.storyboard;
			sourceTree = "<group>";
		};
		63B1F7692043AF0E0023E087 /* LaunchScreen.storyboard */ = {
			isa = PBXVariantGroup;
			children = (
				63B1F76A2043AF0E0023E087 /* Base */,
			);
			name = LaunchScreen.storyboard;
			sourceTree = "<group>";
		};
/* End PBXVariantGroup section */

/* Begin XCBuildConfiguration section */
		63B1F76D2043AF0E0023E087 /* Debug */ = {
			isa = XCBuildConfiguration;
			buildSettings = {
				ALWAYS_SEARCH_USER_PATHS = NO;
				CLANG_ANALYZER_NONNULL = YES;
				CLANG_ANALYZER_NUMBER_OBJECT_CONVERSION = YES_AGGRESSIVE;
				CLANG_CXX_LANGUAGE_STANDARD = "gnu++14";
				CLANG_CXX_LIBRARY = "libc++";
				CLANG_ENABLE_MODULES = YES;
				CLANG_ENABLE_OBJC_ARC = YES;
				CLANG_WARN_BLOCK_CAPTURE_AUTORELEASING = YES;
				CLANG_WARN_BOOL_CONVERSION = YES;
				CLANG_WARN_COMMA = YES;
				CLANG_WARN_CONSTANT_CONVERSION = YES;
				CLANG_WARN_DIRECT_OBJC_ISA_USAGE = YES_ERROR;
				CLANG_WARN_DOCUMENTATION_COMMENTS = YES;
				CLANG_WARN_EMPTY_BODY = YES;
				CLANG_WARN_ENUM_CONVERSION = YES;
				CLANG_WARN_INFINITE_RECURSION = YES;
				CLANG_WARN_INT_CONVERSION = YES;
				CLANG_WARN_NON_LITERAL_NULL_CONVERSION = YES;
				CLANG_WARN_OBJC_LITERAL_CONVERSION = YES;
				CLANG_WARN_OBJC_ROOT_CLASS = YES_ERROR;
				CLANG_WARN_RANGE_LOOP_ANALYSIS = YES;
				CLANG_WARN_STRICT_PROTOTYPES = YES;
				CLANG_WARN_SUSPICIOUS_MOVE = YES;
				CLANG_WARN_UNGUARDED_AVAILABILITY = YES_AGGRESSIVE;
				CLANG_WARN_UNREACHABLE_CODE = YES;
				CLANG_WARN__DUPLICATE_METHOD_MATCH = YES;
				CODE_SIGN_IDENTITY = "iPhone Developer";
				COPY_PHASE_STRIP = NO;
				DEBUG_INFORMATION_FORMAT = dwarf;
				ENABLE_STRICT_OBJC_MSGSEND = YES;
				ENABLE_TESTABILITY = YES;
				GCC_C_LANGUAGE_STANDARD = gnu11;
				GCC_DYNAMIC_NO_PIC = NO;
				GCC_NO_COMMON_BLOCKS = YES;
				GCC_OPTIMIZATION_LEVEL = 0;
				GCC_PREPROCESSOR_DEFINITIONS = (
					"DEBUG=1",
					"$(inherited)",
				);
				GCC_WARN_64_TO_32_BIT_CONVERSION = YES;
				GCC_WARN_ABOUT_RETURN_TYPE = YES_ERROR;
				GCC_WARN_UNDECLARED_SELECTOR = YES;
				GCC_WARN_UNINITIALIZED_AUTOS = YES_AGGRESSIVE;
				GCC_WARN_UNUSED_FUNCTION = YES;
				GCC_WARN_UNUSED_VARIABLE = YES;
				IPHONEOS_DEPLOYMENT_TARGET = 11.2;
				MTL_ENABLE_DEBUG_INFO = YES;
				ONLY_ACTIVE_ARCH = YES;
				SDKROOT = iphoneos;
				SWIFT_ACTIVE_COMPILATION_CONDITIONS = DEBUG;
				SWIFT_OPTIMIZATION_LEVEL = "-Onone";
			};
			name = Debug;
		};
		63B1F76E2043AF0E0023E087 /* Release */ = {
			isa = XCBuildConfiguration;
			buildSettings = {
				ALWAYS_SEARCH_USER_PATHS = NO;
				CLANG_ANALYZER_NONNULL = YES;
				CLANG_ANALYZER_NUMBER_OBJECT_CONVERSION = YES_AGGRESSIVE;
				CLANG_CXX_LANGUAGE_STANDARD = "gnu++14";
				CLANG_CXX_LIBRARY = "libc++";
				CLANG_ENABLE_MODULES = YES;
				CLANG_ENABLE_OBJC_ARC = YES;
				CLANG_WARN_BLOCK_CAPTURE_AUTORELEASING = YES;
				CLANG_WARN_BOOL_CONVERSION = YES;
				CLANG_WARN_COMMA = YES;
				CLANG_WARN_CONSTANT_CONVERSION = YES;
				CLANG_WARN_DIRECT_OBJC_ISA_USAGE = YES_ERROR;
				CLANG_WARN_DOCUMENTATION_COMMENTS = YES;
				CLANG_WARN_EMPTY_BODY = YES;
				CLANG_WARN_ENUM_CONVERSION = YES;
				CLANG_WARN_INFINITE_RECURSION = YES;
				CLANG_WARN_INT_CONVERSION = YES;
				CLANG_WARN_NON_LITERAL_NULL_CONVERSION = YES;
				CLANG_WARN_OBJC_LITERAL_CONVERSION = YES;
				CLANG_WARN_OBJC_ROOT_CLASS = YES_ERROR;
				CLANG_WARN_RANGE_LOOP_ANALYSIS = YES;
				CLANG_WARN_STRICT_PROTOTYPES = YES;
				CLANG_WARN_SUSPICIOUS_MOVE = YES;
				CLANG_WARN_UNGUARDED_AVAILABILITY = YES_AGGRESSIVE;
				CLANG_WARN_UNREACHABLE_CODE = YES;
				CLANG_WARN__DUPLICATE_METHOD_MATCH = YES;
				CODE_SIGN_IDENTITY = "iPhone Developer";
				COPY_PHASE_STRIP = NO;
				DEBUG_INFORMATION_FORMAT = "dwarf-with-dsym";
				ENABLE_NS_ASSERTIONS = NO;
				ENABLE_STRICT_OBJC_MSGSEND = YES;
				GCC_C_LANGUAGE_STANDARD = gnu11;
				GCC_NO_COMMON_BLOCKS = YES;
				GCC_WARN_64_TO_32_BIT_CONVERSION = YES;
				GCC_WARN_ABOUT_RETURN_TYPE = YES_ERROR;
				GCC_WARN_UNDECLARED_SELECTOR = YES;
				GCC_WARN_UNINITIALIZED_AUTOS = YES_AGGRESSIVE;
				GCC_WARN_UNUSED_FUNCTION = YES;
				GCC_WARN_UNUSED_VARIABLE = YES;
				IPHONEOS_DEPLOYMENT_TARGET = 11.2;
				MTL_ENABLE_DEBUG_INFO = NO;
				SDKROOT = iphoneos;
				SWIFT_OPTIMIZATION_LEVEL = "-Owholemodule";
				VALIDATE_PRODUCT = YES;
			};
			name = Release;
		};
		63B1F7702043AF0E0023E087 /* Debug */ = {
			isa = XCBuildConfiguration;
			buildSettings = {
				ASSETCATALOG_COMPILER_APPICON_NAME = AppIcon;
				CODE_SIGN_STYLE = Automatic;
				DEVELOPMENT_TEAM = 8Q2Z3XL977;
				INFOPLIST_FILE = NoteApp2/Info.plist;
				LD_RUNPATH_SEARCH_PATHS = "$(inherited) @executable_path/Frameworks";
				PRODUCT_BUNDLE_IDENTIFIER = com.example.NoteApp2;
				PRODUCT_NAME = "$(TARGET_NAME)";
				SWIFT_VERSION = 4.0;
				TARGETED_DEVICE_FAMILY = "1,2";
			};
			name = Debug;
		};
		63B1F7712043AF0E0023E087 /* Release */ = {
			isa = XCBuildConfiguration;
			buildSettings = {
				ASSETCATALOG_COMPILER_APPICON_NAME = AppIcon;
				CODE_SIGN_STYLE = Automatic;
				DEVELOPMENT_TEAM = 8Q2Z3XL977;
				INFOPLIST_FILE = NoteApp2/Info.plist;
				LD_RUNPATH_SEARCH_PATHS = "$(inherited) @executable_path/Frameworks";
				PRODUCT_BUNDLE_IDENTIFIER = com.example.NoteApp2;
				PRODUCT_NAME = "$(TARGET_NAME)";
				SWIFT_VERSION = 4.0;
				TARGETED_DEVICE_FAMILY = "1,2";
			};
			name = Release;
		};
/* End XCBuildConfiguration section */

/* Begin XCConfigurationList section */
		63B1F7582043AF0E0023E087 /* Build configuration list for PBXProject "NoteApp2" */ = {
			isa = XCConfigurationList;
			buildConfigurations = (
				63B1F76D2043AF0E0023E087 /* Debug */,
				63B1F76E2043AF0E0023E087 /* Release */,
			);
			defaultConfigurationIsVisible = 0;
			defaultConfigurationName = Release;
		};
		63B1F76F2043AF0E0023E087 /* Build configuration list for PBXNativeTarget "NoteApp2" */ = {
			isa = XCConfigurationList;
			buildConfigurations = (
				63B1F7702043AF0E0023E087 /* Debug */,
				63B1F7712043AF0E0023E087 /* Release */,
			);
			defaultConfigurationIsVisible = 0;
			defaultConfigurationName = Release;
		};
/* End XCConfigurationList section */
	};
	rootObject = 63B1F7552043AF0E0023E087 /* Project object */;
}
